
Microsoft Visual Studio Solution File, Format Version 12.00
# Visual Studio Version 17
VisualStudioVersion = 17.7.34024.191
MinimumVisualStudioVersion = 10.0.40219.1
Project("{FAE04EC0-301F-11D3-BF4B-00C04F79EFBC}") = "manav_poroje", "manav_poroje\manav_poroje.csproj", "{5100B447-D9F4-44DE-BF2A-07A07F26B959}"
EndProject
Global
	GlobalSection(SolutionConfigurationPlatforms) = preSolution
		Debug|Any CPU = Debug|Any CPU
		Release|Any CPU = Release|Any CPU
	EndGlobalSection
	GlobalSection(ProjectConfigurationPlatforms) = postSolution
		{5100B447-D9F4-44DE-BF2A-07A07F26B959}.Debug|Any CPU.ActiveCfg = Debug|Any CPU
		{5100B447-D9F4-44DE-BF2A-07A07F26B959}.Debug|Any CPU.Build.0 = Debug|Any CPU
		{5100B447-D9F4-44DE-BF2A-07A07F26B959}.Release|Any CPU.ActiveCfg = Release|Any CPU
		{5100B447-D9F4-44DE-BF2A-07A07F26B959}.Release|Any CPU.Build.0 = Release|Any CPU
	EndGlobalSection
	GlobalSection(SolutionProperties) = preSolution
		HideSolutionNode = FALSE
	EndGlobalSection
	GlobalSection(ExtensibilityGlobals) = postSolution
		SolutionGuid = {65AA02E8-A119-46E8-854C-4149479F10F7}
	EndGlobalSection
EndGlobal
